
Microsoft Visual Studio Solution File, Format Version 12.00
# Visual Studio Version 17
VisualStudioVersion = 17.2.32630.192
MinimumVisualStudioVersion = 10.0.40219.1
Project("{FAE04EC0-301F-11D3-BF4B-00C04F79EFBC}") = "DreamJob", "DreamJob\DreamJob.csproj", "{69719F84-340D-41DA-87C1-BB2AA8B9D8FD}"
EndProject
Global
	GlobalSection(SolutionConfigurationPlatforms) = preSolution
		Debug|Any CPU = Debug|Any CPU
		Release|Any CPU = Release|Any CPU
	EndGlobalSection
	GlobalSection(ProjectConfigurationPlatforms) = postSolution
		{69719F84-340D-41DA-87C1-BB2AA8B9D8FD}.Debug|Any CPU.ActiveCfg = Debug|Any CPU
		{69719F84-340D-41DA-87C1-BB2AA8B9D8FD}.Debug|Any CPU.Build.0 = Debug|Any CPU
		{69719F84-340D-41DA-87C1-BB2AA8B9D8FD}.Release|Any CPU.ActiveCfg = Release|Any CPU
		{69719F84-340D-41DA-87C1-BB2AA8B9D8FD}.Release|Any CPU.Build.0 = Release|Any CPU
	EndGlobalSection
	GlobalSection(SolutionProperties) = preSolution
		HideSolutionNode = FALSE
	EndGlobalSection
	GlobalSection(ExtensibilityGlobals) = postSolution
		SolutionGuid = {65069CDB-8AC4-45F9-908D-C86C932DC1E6}
	EndGlobalSection
EndGlobal
